
Microsoft Visual Studio Solution File, Format Version 12.00
# Visual Studio Version 17
VisualStudioVersion = 17.4.33110.190
MinimumVisualStudioVersion = 10.0.40219.1
Project("{9A19103F-16F7-4668-BE54-9A1E7A4F7556}") = "CsWin32-EnumDisplayMonitors", "CsWin32-EnumDisplayMonitors.csproj", "{FC42A662-A6EF-4C6D-BB25-861B76416AA3}"
EndProject
Global
	GlobalSection(SolutionConfigurationPlatforms) = preSolution
		Debug|Any CPU = Debug|Any CPU
		Release|Any CPU = Release|Any CPU
	EndGlobalSection
	GlobalSection(ProjectConfigurationPlatforms) = postSolution
		{FC42A662-A6EF-4C6D-BB25-861B76416AA3}.Debug|Any CPU.ActiveCfg = Debug|Any CPU
		{FC42A662-A6EF-4C6D-BB25-861B76416AA3}.Debug|Any CPU.Build.0 = Debug|Any CPU
		{FC42A662-A6EF-4C6D-BB25-861B76416AA3}.Release|Any CPU.ActiveCfg = Release|Any CPU
		{FC42A662-A6EF-4C6D-BB25-861B76416AA3}.Release|Any CPU.Build.0 = Release|Any CPU
	EndGlobalSection
	GlobalSection(SolutionProperties) = preSolution
		HideSolutionNode = FALSE
	EndGlobalSection
	GlobalSection(ExtensibilityGlobals) = postSolution
		SolutionGuid = {E2BB6318-E68A-40C0-8B8B-FD4361EF6EFB}
	EndGlobalSection
EndGlobal
